github.com/flywave/go3d v0.0.0-20240109050628-b891a10fca74 h1:xzseEax2cw2J5r6IRgd4MQ/XQJXW7vnEoeBvwwCwg1Q=
github.com/flywave/go3d v0.0.0-20240109050628-b891a10fca74/go.mod h1:bvblxPT+cF0zgDi71CuusPPWCwqU0SikE9ySl2NzeQw=
github.com/flywave/go3d v0.0.0-20250314015505-bf0fda02e242 h1:XU3CfYUCsQoAlTGMmbIWwUc7h4oPP6f7BjzffaObwP8=
github.com/flywave/go3d v0.0.0-20250314015505-bf0fda02e242/go.mod h1:bvblxPT+cF0zgDi71CuusPPWCwqU0SikE9ySl2NzeQw=
github.com/go-test/deep v1.0.1 h1:UQhStjbkDClarlmv0am7OXXO4/GaPdCGiUiMTvi28sg=
github.com/go-test/deep v1.0.1/go.mod h1:wGDj63lr65AM2AQyKZd/NYHGb0R+1RLqB8NKt3aSFNA=
github.com/qmuntal/gltf v0.22.1 h1:SzH/OQJa04iYOlJQTG/3aqnuj6GGGtOqX2Wi55q3+dw=
github.com/qmuntal/gltf v0.22.1/go.mod h1:7FR0CRHoOehIgKTBVq/QVyvPn0i6tzp2AdIghb2bPg4=
