github.com/flywave/gltf v0.20.4-0.20250411080706-f58af20d5f38 h1:z8hRCF+2LIpkW35brQPFyi7LS8FKz14UCXspsV6ujS0=
github.com/flywave/gltf v0.20.4-0.20250411080706-f58af20d5f38/go.mod h1:h3xfqxMbijh9QHULN7kIIGyPmmZi04oWdws7sPwLTs4=
github.com/flywave/go3d v0.0.0-20250314015505-bf0fda02e242 h1:XU3CfYUCsQoAlTGMmbIWwUc7h4oPP6f7BjzffaObwP8=
github.com/flywave/go3d v0.0.0-20250314015505-bf0fda02e242/go.mod h1:bvblxPT+cF0zgDi71CuusPPWCwqU0SikE9ySl2NzeQw=
github.com/go-test/deep v1.0.1 h1:UQhStjbkDClarlmv0am7OXXO4/GaPdCGiUiMTvi28sg=
github.com/go-test/deep v1.0.1/go.mod h1:wGDj63lr65AM2AQyKZd/NYHGb0R+1RLqB8NKt3aSFNA=
